{
	"name": "@joelek/ts-autoguard",
	"version": "5.1.0",
	"lockfileVersion": 1,
	"requires": true,
	"dependencies": {
		"@joelek/ts-stdlib": {
			"version": "github:joelek/ts-stdlib#209ab85ce805bef1bb41be7225f6292f9a8ca46d",
			"from": "github:joelek/ts-stdlib#semver:^1"
		},
		"@types/node": {
			"version": "14.14.43",
			"resolved": "https://registry.npmjs.org/@types/node/-/node-14.14.43.tgz",
			"integrity": "sha512-3pwDJjp1PWacPTpH0LcfhgjvurQvrZFBrC6xxjaUEZ7ifUtT32jtjPxEMMblpqd2Mvx+k8haqQJLQxolyGN/cQ==",
			"dev": true
		},
		"typescript": {
			"version": "4.2.4",
			"resolved": "https://registry.npmjs.org/typescript/-/typescript-4.2.4.tgz",
			"integrity": "sha512-V+evlYHZnQkaz8TRBuxTA92yZBPotr5H+WhQ7bD3hZUndx5tGOa1fuCgeSjxAzM1RiN5IzvadIXTVefuuwZCRg==",
			"dev": true
		}
	}
}
