{
	"name": "@joelek/ts-autoguard",
	"version": "5.12.1",
	"lockfileVersion": 2,
	"requires": true,
	"packages": {
		"": {
			"name": "@joelek/ts-autoguard",
			"version": "5.12.1",
			"license": "MIT",
			"dependencies": {
				"@joelek/bedrock": "github:joelek/bedrock#semver:^1.0",
				"@joelek/ts-stdlib": "github:joelek/ts-stdlib#semver:^1.0"
			},
			"bin": {
				"autoguard": "dist/cli/index.js"
			},
			"devDependencies": {
				"@types/node": "^16.7",
				"typescript": "^4.4"
			}
		},
		"node_modules/@joelek/bedrock": {
			"version": "1.0.0",
			"resolved": "git+ssh://git@github.com/joelek/bedrock.git#8972c9791ad8e3a69a3bbf6704256e18443235c0",
			"license": "MIT"
		},
		"node_modules/@joelek/ts-stdlib": {
			"version": "1.2.2",
			"resolved": "git+ssh://git@github.com/joelek/ts-stdlib.git#ed82e7da2c524c53e2ad596a960552378da90144",
			"license": "MIT"
		},
		"node_modules/@types/node": {
			"version": "16.11.66",
			"resolved": "https://registry.npmjs.org/@types/node/-/node-16.11.66.tgz",
			"integrity": "sha512-+xvMrGl3eAygKcf5jm+4zA4tbfEgmKM9o6/glTmN0RFVdu2VuFXMYYtRmuv3zTGCgAYMnEZLde3B7BTp+Yxcig==",
			"dev": true
		},
		"node_modules/typescript": {
			"version": "4.8.4",
			"resolved": "https://registry.npmjs.org/typescript/-/typescript-4.8.4.tgz",
			"integrity": "sha512-QCh+85mCy+h0IGff8r5XWzOVSbBO+KfeYrMQh7NJ58QujwcE22u+NUSmUxqF+un70P9GXKxa2HCNiTTMJknyjQ==",
			"dev": true,
			"bin": {
				"tsc": "bin/tsc",
				"tsserver": "bin/tsserver"
			},
			"engines": {
				"node": ">=4.2.0"
			}
		}
	},
	"dependencies": {
		"@joelek/bedrock": {
			"version": "git+ssh://git@github.com/joelek/bedrock.git#8972c9791ad8e3a69a3bbf6704256e18443235c0",
			"from": "@joelek/bedrock@joelek/bedrock#semver:^1.0"
		},
		"@joelek/ts-stdlib": {
			"version": "git+ssh://git@github.com/joelek/ts-stdlib.git#ed82e7da2c524c53e2ad596a960552378da90144",
			"from": "@joelek/ts-stdlib@github:joelek/ts-stdlib#semver:^1.0"
		},
		"@types/node": {
			"version": "16.11.66",
			"resolved": "https://registry.npmjs.org/@types/node/-/node-16.11.66.tgz",
			"integrity": "sha512-+xvMrGl3eAygKcf5jm+4zA4tbfEgmKM9o6/glTmN0RFVdu2VuFXMYYtRmuv3zTGCgAYMnEZLde3B7BTp+Yxcig==",
			"dev": true
		},
		"typescript": {
			"version": "4.8.4",
			"resolved": "https://registry.npmjs.org/typescript/-/typescript-4.8.4.tgz",
			"integrity": "sha512-QCh+85mCy+h0IGff8r5XWzOVSbBO+KfeYrMQh7NJ58QujwcE22u+NUSmUxqF+un70P9GXKxa2HCNiTTMJknyjQ==",
			"dev": true
		}
	}
}
