{
	"name": "@joelek/ts-autoguard",
	"version": "1.0.0",
	"lockfileVersion": 1,
	"requires": true,
	"dependencies": {
		"@joelek/ts-define": {
			"version": "github:joelek/ts-define#12fd29d64fa18dfeba24d43b0523254810ce24a8",
			"from": "github:joelek/ts-define"
		},
		"@types/node": {
			"version": "13.1.6",
			"resolved": "https://registry.npmjs.org/@types/node/-/node-13.1.6.tgz",
			"integrity": "sha512-Jg1F+bmxcpENHP23sVKkNuU3uaxPnsBMW0cLjleiikFKomJQbsn0Cqk2yDvQArqzZN6ABfBkZ0To7pQ8sLdWDg=="
		},
		"typescript": {
			"version": "3.7.5",
			"resolved": "https://registry.npmjs.org/typescript/-/typescript-3.7.5.tgz",
			"integrity": "sha512-/P5lkRXkWHNAbcJIiHPfRoKqyd7bsyCma1hZNUGfn20qm64T6ZBlrzprymeu918H+mB/0rIg2gGK/BXkhhYgBw==",
			"dev": true
		}
	}
}
